
Microsoft Visual Studio Solution File, Format Version 12.00
# Visual Studio Version 16
VisualStudioVersion = 16.0.30002.166
MinimumVisualStudioVersion = 10.0.40219.1
Project("{9A19103F-16F7-4668-BE54-9A1E7A4F7556}") = "CoreMVC", "CoreMVC\CoreMVC.csproj", "{0B49803C-9493-407D-AAF7-E07D603AE4F6}"
EndProject
Project("{9A19103F-16F7-4668-BE54-9A1E7A4F7556}") = "CoreMCVData", "CoreMCVData\CoreMCVData.csproj", "{671E582E-B745-4EDE-A123-DC3D7D970A00}"
EndProject
Project("{9A19103F-16F7-4668-BE54-9A1E7A4F7556}") = "CoreMCVApplication", "CoreMCVApplication\CoreMCVApplication.csproj", "{3FBAFC61-0F2F-49A5-B0D4-852B8DA24E27}"
EndProject
Project("{9A19103F-16F7-4668-BE54-9A1E7A4F7556}") = "CoreMVCUtilities", "CoreMVCUtilities\CoreMVCUtilities.csproj", "{BBE65528-155C-4BE7-9554-6D94CAD25C97}"
EndProject
Project("{9A19103F-16F7-4668-BE54-9A1E7A4F7556}") = "CoreMVCViewModels", "CoreMVCViewModels\CoreMVCViewModels.csproj", "{65784AE0-9F99-4092-948D-208B1D9679F8}"
EndProject
Project("{9A19103F-16F7-4668-BE54-9A1E7A4F7556}") = "CoreMVCBackendAPI", "CoreMVCBackendAPI\CoreMVCBackendAPI.csproj", "{4FBAF799-1814-4D72-94A1-1E74A9A673FA}"
EndProject
Project("{2150E333-8FDC-42A3-9474-1A3956D46DE8}") = "1. Infrastructure", "1. Infrastructure", "{3D923997-58EE-40B9-9528-150DDD2C39DF}"
EndProject
Project("{2150E333-8FDC-42A3-9474-1A3956D46DE8}") = "2.Domain", "2.Domain", "{4D3E4456-CF98-4612-8804-082C112BD739}"
EndProject
Project("{2150E333-8FDC-42A3-9474-1A3956D46DE8}") = "3.Host", "3.Host", "{36F01450-6F1E-4FCA-92A1-B8D0E3CF56DB}"
EndProject
Project("{FAE04EC0-301F-11D3-BF4B-00C04F79EFBC}") = "CoreMVCAdminApp", "CoreMVCAdminApp\CoreMVCAdminApp.csproj", "{3371FC00-61BB-45B0-AB9D-143ABD9828E8}"
EndProject
Global
	GlobalSection(SolutionConfigurationPlatforms) = preSolution
		Debug|Any CPU = Debug|Any CPU
		Release|Any CPU = Release|Any CPU
	EndGlobalSection
	GlobalSection(ProjectConfigurationPlatforms) = postSolution
		{0B49803C-9493-407D-AAF7-E07D603AE4F6}.Debug|Any CPU.ActiveCfg = Debug|Any CPU
		{0B49803C-9493-407D-AAF7-E07D603AE4F6}.Debug|Any CPU.Build.0 = Debug|Any CPU
		{0B49803C-9493-407D-AAF7-E07D603AE4F6}.Release|Any CPU.ActiveCfg = Release|Any CPU
		{0B49803C-9493-407D-AAF7-E07D603AE4F6}.Release|Any CPU.Build.0 = Release|Any CPU
		{671E582E-B745-4EDE-A123-DC3D7D970A00}.Debug|Any CPU.ActiveCfg = Debug|Any CPU
		{671E582E-B745-4EDE-A123-DC3D7D970A00}.Debug|Any CPU.Build.0 = Debug|Any CPU
		{671E582E-B745-4EDE-A123-DC3D7D970A00}.Release|Any CPU.ActiveCfg = Release|Any CPU
		{671E582E-B745-4EDE-A123-DC3D7D970A00}.Release|Any CPU.Build.0 = Release|Any CPU
		{3FBAFC61-0F2F-49A5-B0D4-852B8DA24E27}.Debug|Any CPU.ActiveCfg = Debug|Any CPU
		{3FBAFC61-0F2F-49A5-B0D4-852B8DA24E27}.Debug|Any CPU.Build.0 = Debug|Any CPU
		{3FBAFC61-0F2F-49A5-B0D4-852B8DA24E27}.Release|Any CPU.ActiveCfg = Release|Any CPU
		{3FBAFC61-0F2F-49A5-B0D4-852B8DA24E27}.Release|Any CPU.Build.0 = Release|Any CPU
		{BBE65528-155C-4BE7-9554-6D94CAD25C97}.Debug|Any CPU.ActiveCfg = Debug|Any CPU
		{BBE65528-155C-4BE7-9554-6D94CAD25C97}.Debug|Any CPU.Build.0 = Debug|Any CPU
		{BBE65528-155C-4BE7-9554-6D94CAD25C97}.Release|Any CPU.ActiveCfg = Release|Any CPU
		{BBE65528-155C-4BE7-9554-6D94CAD25C97}.Release|Any CPU.Build.0 = Release|Any CPU
		{65784AE0-9F99-4092-948D-208B1D9679F8}.Debug|Any CPU.ActiveCfg = Debug|Any CPU
		{65784AE0-9F99-4092-948D-208B1D9679F8}.Debug|Any CPU.Build.0 = Debug|Any CPU
		{65784AE0-9F99-4092-948D-208B1D9679F8}.Release|Any CPU.ActiveCfg = Release|Any CPU
		{65784AE0-9F99-4092-948D-208B1D9679F8}.Release|Any CPU.Build.0 = Release|Any CPU
		{4FBAF799-1814-4D72-94A1-1E74A9A673FA}.Debug|Any CPU.ActiveCfg = Debug|Any CPU
		{4FBAF799-1814-4D72-94A1-1E74A9A673FA}.Debug|Any CPU.Build.0 = Debug|Any CPU
		{4FBAF799-1814-4D72-94A1-1E74A9A673FA}.Release|Any CPU.ActiveCfg = Release|Any CPU
		{4FBAF799-1814-4D72-94A1-1E74A9A673FA}.Release|Any CPU.Build.0 = Release|Any CPU
		{3371FC00-61BB-45B0-AB9D-143ABD9828E8}.Debug|Any CPU.ActiveCfg = Debug|Any CPU
		{3371FC00-61BB-45B0-AB9D-143ABD9828E8}.Debug|Any CPU.Build.0 = Debug|Any CPU
		{3371FC00-61BB-45B0-AB9D-143ABD9828E8}.Release|Any CPU.ActiveCfg = Release|Any CPU
		{3371FC00-61BB-45B0-AB9D-143ABD9828E8}.Release|Any CPU.Build.0 = Release|Any CPU
	EndGlobalSection
	GlobalSection(SolutionProperties) = preSolution
		HideSolutionNode = FALSE
	EndGlobalSection
	GlobalSection(NestedProjects) = preSolution
		{0B49803C-9493-407D-AAF7-E07D603AE4F6} = {36F01450-6F1E-4FCA-92A1-B8D0E3CF56DB}
		{671E582E-B745-4EDE-A123-DC3D7D970A00} = {4D3E4456-CF98-4612-8804-082C112BD739}
		{3FBAFC61-0F2F-49A5-B0D4-852B8DA24E27} = {4D3E4456-CF98-4612-8804-082C112BD739}
		{BBE65528-155C-4BE7-9554-6D94CAD25C97} = {3D923997-58EE-40B9-9528-150DDD2C39DF}
		{65784AE0-9F99-4092-948D-208B1D9679F8} = {3D923997-58EE-40B9-9528-150DDD2C39DF}
		{4FBAF799-1814-4D72-94A1-1E74A9A673FA} = {36F01450-6F1E-4FCA-92A1-B8D0E3CF56DB}
		{3371FC00-61BB-45B0-AB9D-143ABD9828E8} = {36F01450-6F1E-4FCA-92A1-B8D0E3CF56DB}
	EndGlobalSection
	GlobalSection(ExtensibilityGlobals) = postSolution
		SolutionGuid = {31742494-CE2A-4EA4-BE27-F43D66194EB1}
	EndGlobalSection
EndGlobal
